<Solution>
  <Project Path="DSA_Session04_Basics/DSA_Session04_Basics.csproj" />
  <Project Path="DSA_Session04_Sorting/DSA_Session04_Sorting.csproj" />
  <Project Path="DSA_Session05_Basics/DSA_Session05_Basics.csproj" />
  <Project Path="DSA_Session05_Sortings/DSA_Session05_Sortings.csproj" />
</Solution>
